
Microsoft Visual Studio Solution File, Format Version 12.00
# Visual Studio Version 16
VisualStudioVersion = 16.0.31205.134
MinimumVisualStudioVersion = 10.0.40219.1
Project("{2150E333-8FDC-42A3-9474-1A3956D46DE8}") = "ShopManagement", "ShopManagement", "{3922DD66-614E-441F-B516-3415E9657F43}"
EndProject
Project("{2150E333-8FDC-42A3-9474-1A3956D46DE8}") = "SM.Domain", "SM.Domain", "{98C5876E-2CD0-4CB6-9F86-09CB8668360C}"
EndProject
Project("{9A19103F-16F7-4668-BE54-9A1E7A4F7556}") = "ShopManagement.Domain", "ShopManagement.Domain\ShopManagement.Domain.csproj", "{FA2289B3-0449-4BD9-90D0-1F70E2FC0BD9}"
EndProject
Project("{9A19103F-16F7-4668-BE54-9A1E7A4F7556}") = "0_Framework", "0_Framwork\0_Framework.csproj", "{015156E4-DA85-4409-B9EB-3B8A16B53DF1}"
EndProject
Project("{2150E333-8FDC-42A3-9474-1A3956D46DE8}") = "SM.Application", "SM.Application", "{BEA5FAA9-E371-4034-95AC-EE84B64D6E44}"
EndProject
Project("{9A19103F-16F7-4668-BE54-9A1E7A4F7556}") = "ShopManagement.Application.Contracts", "ShopManagment.Application.Contract\ShopManagement.Application.Contracts.csproj", "{F3F7B3BB-CA26-4B44-B218-C4F014E0E024}"
EndProject
Project("{9A19103F-16F7-4668-BE54-9A1E7A4F7556}") = "ShopManagement.Application", "ShopManagment.Application\ShopManagement.Application.csproj", "{E2694BC4-4A94-4674-BCFA-DEFBD18DB056}"
EndProject
Project("{2150E333-8FDC-42A3-9474-1A3956D46DE8}") = "SM.Infrastructure", "SM.Infrastructure", "{0C4ED4F1-59A7-4F6F-B6FD-E8FE5501F576}"
EndProject
Project("{9A19103F-16F7-4668-BE54-9A1E7A4F7556}") = "ShopManagement.Infrastructure.EFCore", "ShopManagement.Infrastructure.EfCore\ShopManagement.Infrastructure.EFCore.csproj", "{C3A63D95-0778-47E7-8986-C46B77F0D7E8}"
EndProject
Project("{9A19103F-16F7-4668-BE54-9A1E7A4F7556}") = "ShopManagement.Configuration", "ShopManagement.Configuration\ShopManagement.Configuration.csproj", "{0B7BDF31-2BD5-48A9-92EE-369DB2058F2B}"
EndProject
Project("{9A19103F-16F7-4668-BE54-9A1E7A4F7556}") = "ServiceHost", "ServiceHost\ServiceHost.csproj", "{15751CF6-F8C7-47B4-BEBC-EA6BA9EE4043}"
EndProject
Project("{9A19103F-16F7-4668-BE54-9A1E7A4F7556}") = "01_LampshadeQuery", "01_LampShadeQuery\01_LampshadeQuery.csproj", "{C2A9CC3A-76A6-4F22-8C5C-23D1438B7E88}"
EndProject
Project("{2150E333-8FDC-42A3-9474-1A3956D46DE8}") = "DiscountManagement", "DiscountManagement", "{54EB9D6E-0E5F-4542-AD61-3B876A08A64B}"
EndProject
Project("{2150E333-8FDC-42A3-9474-1A3956D46DE8}") = "DM.Application", "DM.Application", "{1F561BDC-7284-49C7-8D75-6376E5B8B41C}"
EndProject
Project("{2150E333-8FDC-42A3-9474-1A3956D46DE8}") = "DM.Domain", "DM.Domain", "{09A59A97-3DB3-4349-BA2D-F03C6C0D3243}"
EndProject
Project("{2150E333-8FDC-42A3-9474-1A3956D46DE8}") = "DM.Infrastructure", "DM.Infrastructure", "{34B5D2AB-0099-46B2-8758-B8F3EF6FB421}"
EndProject
Project("{9A19103F-16F7-4668-BE54-9A1E7A4F7556}") = "DiscountManagement.Application", "DiscountManagement.Application\DiscountManagement.Application.csproj", "{6853612A-57A6-4F2E-9B88-6BCD6D424DAB}"
EndProject
Project("{9A19103F-16F7-4668-BE54-9A1E7A4F7556}") = "DiscountManagement.Application.Contract", "DiscountManagement.Application.Contract\DiscountManagement.Application.Contract.csproj", "{083BA35D-46B9-46B3-9A73-3F8A8DCB31D5}"
EndProject
Project("{9A19103F-16F7-4668-BE54-9A1E7A4F7556}") = "DiscountManagement.Domain", "DiscountManagement.Domain\DiscountManagement.Domain.csproj", "{20713E3F-B9B3-45CC-AAFB-5C213CAE0D78}"
EndProject
Project("{9A19103F-16F7-4668-BE54-9A1E7A4F7556}") = "DiscountManagement.Configuration", "DiscountManagement.Configuration\DiscountManagement.Configuration.csproj", "{5F3743A1-3B48-4948-83AE-040F41CED408}"
EndProject
Project("{9A19103F-16F7-4668-BE54-9A1E7A4F7556}") = "DiscountManagement.Infrastructure.EFCore", "DiscountManagement.Infrastructure.EFCore\DiscountManagement.Infrastructure.EFCore.csproj", "{C1A018AC-EB48-4286-8958-6EC4F635F7C0}"
EndProject
Project("{2150E333-8FDC-42A3-9474-1A3956D46DE8}") = "InventoryManagement", "InventoryManagement", "{D5689D7F-0A52-4E1B-BE57-859EDCDEF091}"
EndProject
Project("{2150E333-8FDC-42A3-9474-1A3956D46DE8}") = "IM.Application", "IM.Application", "{405BF908-4A41-4DBB-8EE5-42EAF561CF62}"
EndProject
Project("{2150E333-8FDC-42A3-9474-1A3956D46DE8}") = "IM.Domain", "IM.Domain", "{AA2D1FD8-ADE5-4CEF-86DD-BCBF79064499}"
EndProject
Project("{2150E333-8FDC-42A3-9474-1A3956D46DE8}") = "IM.Infrastructure", "IM.Infrastructure", "{0EA19B4A-C380-40A3-BEC6-76D1D1BF89BD}"
EndProject
Project("{9A19103F-16F7-4668-BE54-9A1E7A4F7556}") = "InventoryManagement.Application", "InventoryManagement.Application\InventoryManagement.Application.csproj", "{D8426BA7-18A1-4DFA-B14C-5DA21B27486C}"
EndProject
Project("{9A19103F-16F7-4668-BE54-9A1E7A4F7556}") = "InventoryManagement.Application.Contract", "InventoryManagement.Application.Contract\InventoryManagement.Application.Contract.csproj", "{A31BF2D4-4701-497D-A6C5-B24D6162AD0D}"
EndProject
Project("{9A19103F-16F7-4668-BE54-9A1E7A4F7556}") = "InventoryManagement.Domain", "InventoryManagement.Domain\InventoryManagement.Domain.csproj", "{3F41F018-BCA0-42DE-B7B6-975274522D31}"
EndProject
Project("{9A19103F-16F7-4668-BE54-9A1E7A4F7556}") = "InventoryManagement.Infrastructure.Configuration", "InventoryManagement.Infrastructure.Configuration\InventoryManagement.Infrastructure.Configuration.csproj", "{E53EDCD6-A273-4BC2-96B7-B10EEDF72C1B}"
EndProject
Project("{9A19103F-16F7-4668-BE54-9A1E7A4F7556}") = "InventoryMangement.Infrastructure.EFCore", "InventoryMangement.Infrastructure.EFCore\InventoryMangement.Infrastructure.EFCore.csproj", "{5978988C-3522-4E00-A819-133588F8E46F}"
EndProject
Project("{2150E333-8FDC-42A3-9474-1A3956D46DE8}") = "CommentManagement", "CommentManagement", "{4FE51AAC-9B7B-40AC-9981-7E3A72A5B34C}"
EndProject
Project("{2150E333-8FDC-42A3-9474-1A3956D46DE8}") = "CM.Application", "CM.Application", "{5439FC0E-D47A-4103-9B27-AC18855E5A63}"
EndProject
Project("{2150E333-8FDC-42A3-9474-1A3956D46DE8}") = "CM.Domain", "CM.Domain", "{10DE92C9-46EB-428A-B3DF-8AB2A37442BD}"
EndProject
Project("{2150E333-8FDC-42A3-9474-1A3956D46DE8}") = "CM.Infrastructure", "CM.Infrastructure", "{2273B209-5D9B-4A14-ACC8-47639EF3ACF2}"
EndProject
Project("{9A19103F-16F7-4668-BE54-9A1E7A4F7556}") = "CommentManagement.Application", "CommentManagement.Application\CommentManagement.Application.csproj", "{CD89C513-CDA4-4938-AD2A-D30F259F3246}"
EndProject
Project("{9A19103F-16F7-4668-BE54-9A1E7A4F7556}") = "CommentManagement.Application.Contracts", "CommentManagement.Application.Contracts\CommentManagement.Application.Contracts.csproj", "{E1555D27-FA3B-45FC-A0A4-FE1D8695BC7E}"
EndProject
Project("{9A19103F-16F7-4668-BE54-9A1E7A4F7556}") = "CommentManagement.Domain", "CommentManagement.Domain\CommentManagement.Domain.csproj", "{C22C9B89-0F2A-4342-B560-0E055B154EA8}"
EndProject
Project("{9A19103F-16F7-4668-BE54-9A1E7A4F7556}") = "CommentManagement.Infrastructure.Configuration", "CommentManagement.Infrastructure.Configuration\CommentManagement.Infrastructure.Configuration.csproj", "{4171B74C-919B-4E9E-ABDA-17BAD2C8ADEB}"
EndProject
Project("{9A19103F-16F7-4668-BE54-9A1E7A4F7556}") = "CommnetManagement.Infrastructure.EFCore", "CommnetManagement.Infrastructure.EFCore\CommnetManagement.Infrastructure.EFCore.csproj", "{78A5197A-664F-46FF-828B-ED936F7B4FD9}"
EndProject
Project("{2150E333-8FDC-42A3-9474-1A3956D46DE8}") = "BlogManagement", "BlogManagement", "{344ACA0B-6DBB-401F-8EBB-C9EEB92E388A}"
EndProject
Project("{2150E333-8FDC-42A3-9474-1A3956D46DE8}") = "BM.Application", "BM.Application", "{1E018683-7E4F-44EF-A3A4-3DA4C5FEAADC}"
EndProject
Project("{2150E333-8FDC-42A3-9474-1A3956D46DE8}") = "BM.Domain", "BM.Domain", "{21BEF3A8-E185-4CE6-8496-1C3808C2839C}"
EndProject
Project("{2150E333-8FDC-42A3-9474-1A3956D46DE8}") = "BM.Infrastructure", "BM.Infrastructure", "{120EFAA5-F701-4C80-B3E8-653B4642312F}"
EndProject
Project("{2150E333-8FDC-42A3-9474-1A3956D46DE8}") = "BM.Presentation", "BM.Presentation", "{DD025F91-8D21-4AAB-A959-3A1C1A59585A}"
EndProject
Project("{9A19103F-16F7-4668-BE54-9A1E7A4F7556}") = "BlogManagement.Application", "BlogManagement.Application\BlogManagement.Application.csproj", "{E569C22C-5E56-4FA7-BD33-9C495359F7B4}"
EndProject
Project("{9A19103F-16F7-4668-BE54-9A1E7A4F7556}") = "BlogManagement.Application.Contracts", "BlogManagement.Application.Contracts\BlogManagement.Application.Contracts.csproj", "{111333F7-E3C4-4DEE-B0F1-419EDCB0F946}"
EndProject
Project("{9A19103F-16F7-4668-BE54-9A1E7A4F7556}") = "BlogManagement.Domain", "BlogManagement.Domain\BlogManagement.Domain.csproj", "{753DAA97-AFAE-4022-935F-E0E6320CCC0D}"
EndProject
Project("{9A19103F-16F7-4668-BE54-9A1E7A4F7556}") = "BlogManagement.Infrastructure.Configuration", "BlogManagement.Infrastructure.Configuration\BlogManagement.Infrastructure.Configuration.csproj", "{73F4DCE9-87C5-44B9-96F2-760FD28582C9}"
EndProject
Project("{9A19103F-16F7-4668-BE54-9A1E7A4F7556}") = "BlogManagement.Infrastructure.EFCore", "BlogManagement.Infrastructure.EFCore\BlogManagement.Infrastructure.EFCore.csproj", "{E04A353E-934C-4DB2-84FB-147DC2193855}"
EndProject
Project("{2150E333-8FDC-42A3-9474-1A3956D46DE8}") = "AccountManagement", "AccountManagement", "{6FDD88F4-CCCB-4FF4-95E4-A82F25D8BDEA}"
EndProject
Project("{2150E333-8FDC-42A3-9474-1A3956D46DE8}") = "AM.Application", "AM.Application", "{E9C762F6-B03A-4497-ACFB-AB06A5FA9F8A}"
EndProject
Project("{2150E333-8FDC-42A3-9474-1A3956D46DE8}") = "AM.Domain", "AM.Domain", "{154C48FA-1B6A-4BD1-A32C-FA59AA96FE23}"
EndProject
Project("{2150E333-8FDC-42A3-9474-1A3956D46DE8}") = "AM.Infrastructure", "AM.Infrastructure", "{703F3C07-64E5-4C16-BDAD-3842B6035406}"
EndProject
Project("{9A19103F-16F7-4668-BE54-9A1E7A4F7556}") = "AccountManagement.Application", "AccountManagement.Application\AccountManagement.Application.csproj", "{A7D2BB7D-D17E-4CA6-8136-01DE489334DE}"
EndProject
Project("{9A19103F-16F7-4668-BE54-9A1E7A4F7556}") = "AccountManagement.Application.Contracts", "AccountManagement.Application.Contracts\AccountManagement.Application.Contracts.csproj", "{A26C357F-E837-45A3-9457-20ADE1EEB135}"
EndProject
Project("{9A19103F-16F7-4668-BE54-9A1E7A4F7556}") = "AccountManagement.Domain", "AccountManagement.Domain\AccountManagement.Domain.csproj", "{EDBA7FA6-1758-472B-9CE4-18918D3F955C}"
EndProject
Project("{9A19103F-16F7-4668-BE54-9A1E7A4F7556}") = "AccountManagement.Configuration", "AccountManagement.Configuration\AccountManagement.Configuration.csproj", "{026A3762-C63C-418A-AE8E-2746112A6169}"
EndProject
Project("{9A19103F-16F7-4668-BE54-9A1E7A4F7556}") = "AccountMangement.Infrastructure.EFCore", "AccountMangement.Infrastructure.EFCore\AccountMangement.Infrastructure.EFCore.csproj", "{82B64D47-2B81-4F08-A41A-E1ADA53944F1}"
EndProject
Project("{FAE04EC0-301F-11D3-BF4B-00C04F79EFBC}") = "ShopManagement.Infrastructure.AccountAcl", "ShopManagement.Infrastructure.AccountAcl\ShopManagement.Infrastructure.AccountAcl.csproj", "{10C743A6-64E8-49AE-BCB9-674F7DD3C585}"
EndProject
Project("{FAE04EC0-301F-11D3-BF4B-00C04F79EFBC}") = "ShopManagement.Infrastructure.InventoryAcl", "ShopManagement.Infrastructure.InventoryAcl\ShopManagement.Infrastructure.InventoryAcl.csproj", "{8D6FC052-AE57-4AC3-90D8-9DED18DB87DF}"
EndProject
Global
	GlobalSection(SolutionConfigurationPlatforms) = preSolution
		Debug|Any CPU = Debug|Any CPU
		Release|Any CPU = Release|Any CPU
	EndGlobalSection
	GlobalSection(ProjectConfigurationPlatforms) = postSolution
		{FA2289B3-0449-4BD9-90D0-1F70E2FC0BD9}.Debug|Any CPU.ActiveCfg = Debug|Any CPU
		{FA2289B3-0449-4BD9-90D0-1F70E2FC0BD9}.Debug|Any CPU.Build.0 = Debug|Any CPU
		{FA2289B3-0449-4BD9-90D0-1F70E2FC0BD9}.Release|Any CPU.ActiveCfg = Release|Any CPU
		{FA2289B3-0449-4BD9-90D0-1F70E2FC0BD9}.Release|Any CPU.Build.0 = Release|Any CPU
		{015156E4-DA85-4409-B9EB-3B8A16B53DF1}.Debug|Any CPU.ActiveCfg = Debug|Any CPU
		{015156E4-DA85-4409-B9EB-3B8A16B53DF1}.Debug|Any CPU.Build.0 = Debug|Any CPU
		{015156E4-DA85-4409-B9EB-3B8A16B53DF1}.Release|Any CPU.ActiveCfg = Release|Any CPU
		{015156E4-DA85-4409-B9EB-3B8A16B53DF1}.Release|Any CPU.Build.0 = Release|Any CPU
		{F3F7B3BB-CA26-4B44-B218-C4F014E0E024}.Debug|Any CPU.ActiveCfg = Debug|Any CPU
		{F3F7B3BB-CA26-4B44-B218-C4F014E0E024}.Debug|Any CPU.Build.0 = Debug|Any CPU
		{F3F7B3BB-CA26-4B44-B218-C4F014E0E024}.Release|Any CPU.ActiveCfg = Release|Any CPU
		{F3F7B3BB-CA26-4B44-B218-C4F014E0E024}.Release|Any CPU.Build.0 = Release|Any CPU
		{E2694BC4-4A94-4674-BCFA-DEFBD18DB056}.Debug|Any CPU.ActiveCfg = Debug|Any CPU
		{E2694BC4-4A94-4674-BCFA-DEFBD18DB056}.Debug|Any CPU.Build.0 = Debug|Any CPU
		{E2694BC4-4A94-4674-BCFA-DEFBD18DB056}.Release|Any CPU.ActiveCfg = Release|Any CPU
		{E2694BC4-4A94-4674-BCFA-DEFBD18DB056}.Release|Any CPU.Build.0 = Release|Any CPU
		{C3A63D95-0778-47E7-8986-C46B77F0D7E8}.Debug|Any CPU.ActiveCfg = Debug|Any CPU
		{C3A63D95-0778-47E7-8986-C46B77F0D7E8}.Debug|Any CPU.Build.0 = Debug|Any CPU
		{C3A63D95-0778-47E7-8986-C46B77F0D7E8}.Release|Any CPU.ActiveCfg = Release|Any CPU
		{C3A63D95-0778-47E7-8986-C46B77F0D7E8}.Release|Any CPU.Build.0 = Release|Any CPU
		{0B7BDF31-2BD5-48A9-92EE-369DB2058F2B}.Debug|Any CPU.ActiveCfg = Debug|Any CPU
		{0B7BDF31-2BD5-48A9-92EE-369DB2058F2B}.Debug|Any CPU.Build.0 = Debug|Any CPU
		{0B7BDF31-2BD5-48A9-92EE-369DB2058F2B}.Release|Any CPU.ActiveCfg = Release|Any CPU
		{0B7BDF31-2BD5-48A9-92EE-369DB2058F2B}.Release|Any CPU.Build.0 = Release|Any CPU
		{15751CF6-F8C7-47B4-BEBC-EA6BA9EE4043}.Debug|Any CPU.ActiveCfg = Debug|Any CPU
		{15751CF6-F8C7-47B4-BEBC-EA6BA9EE4043}.Debug|Any CPU.Build.0 = Debug|Any CPU
		{15751CF6-F8C7-47B4-BEBC-EA6BA9EE4043}.Release|Any CPU.ActiveCfg = Release|Any CPU
		{15751CF6-F8C7-47B4-BEBC-EA6BA9EE4043}.Release|Any CPU.Build.0 = Release|Any CPU
		{C2A9CC3A-76A6-4F22-8C5C-23D1438B7E88}.Debug|Any CPU.ActiveCfg = Debug|Any CPU
		{C2A9CC3A-76A6-4F22-8C5C-23D1438B7E88}.Debug|Any CPU.Build.0 = Debug|Any CPU
		{C2A9CC3A-76A6-4F22-8C5C-23D1438B7E88}.Release|Any CPU.ActiveCfg = Release|Any CPU
		{C2A9CC3A-76A6-4F22-8C5C-23D1438B7E88}.Release|Any CPU.Build.0 = Release|Any CPU
		{6853612A-57A6-4F2E-9B88-6BCD6D424DAB}.Debug|Any CPU.ActiveCfg = Debug|Any CPU
		{6853612A-57A6-4F2E-9B88-6BCD6D424DAB}.Debug|Any CPU.Build.0 = Debug|Any CPU
		{6853612A-57A6-4F2E-9B88-6BCD6D424DAB}.Release|Any CPU.ActiveCfg = Release|Any CPU
		{6853612A-57A6-4F2E-9B88-6BCD6D424DAB}.Release|Any CPU.Build.0 = Release|Any CPU
		{083BA35D-46B9-46B3-9A73-3F8A8DCB31D5}.Debug|Any CPU.ActiveCfg = Debug|Any CPU
		{083BA35D-46B9-46B3-9A73-3F8A8DCB31D5}.Debug|Any CPU.Build.0 = Debug|Any CPU
		{083BA35D-46B9-46B3-9A73-3F8A8DCB31D5}.Release|Any CPU.ActiveCfg = Release|Any CPU
		{083BA35D-46B9-46B3-9A73-3F8A8DCB31D5}.Release|Any CPU.Build.0 = Release|Any CPU
		{20713E3F-B9B3-45CC-AAFB-5C213CAE0D78}.Debug|Any CPU.ActiveCfg = Debug|Any CPU
		{20713E3F-B9B3-45CC-AAFB-5C213CAE0D78}.Debug|Any CPU.Build.0 = Debug|Any CPU
		{20713E3F-B9B3-45CC-AAFB-5C213CAE0D78}.Release|Any CPU.ActiveCfg = Release|Any CPU
		{20713E3F-B9B3-45CC-AAFB-5C213CAE0D78}.Release|Any CPU.Build.0 = Release|Any CPU
		{5F3743A1-3B48-4948-83AE-040F41CED408}.Debug|Any CPU.ActiveCfg = Debug|Any CPU
		{5F3743A1-3B48-4948-83AE-040F41CED408}.Debug|Any CPU.Build.0 = Debug|Any CPU
		{5F3743A1-3B48-4948-83AE-040F41CED408}.Release|Any CPU.ActiveCfg = Release|Any CPU
		{5F3743A1-3B48-4948-83AE-040F41CED408}.Release|Any CPU.Build.0 = Release|Any CPU
		{C1A018AC-EB48-4286-8958-6EC4F635F7C0}.Debug|Any CPU.ActiveCfg = Debug|Any CPU
		{C1A018AC-EB48-4286-8958-6EC4F635F7C0}.Debug|Any CPU.Build.0 = Debug|Any CPU
		{C1A018AC-EB48-4286-8958-6EC4F635F7C0}.Release|Any CPU.ActiveCfg = Release|Any CPU
		{C1A018AC-EB48-4286-8958-6EC4F635F7C0}.Release|Any CPU.Build.0 = Release|Any CPU
		{D8426BA7-18A1-4DFA-B14C-5DA21B27486C}.Debug|Any CPU.ActiveCfg = Debug|Any CPU
		{D8426BA7-18A1-4DFA-B14C-5DA21B27486C}.Debug|Any CPU.Build.0 = Debug|Any CPU
		{D8426BA7-18A1-4DFA-B14C-5DA21B27486C}.Release|Any CPU.ActiveCfg = Release|Any CPU
		{D8426BA7-18A1-4DFA-B14C-5DA21B27486C}.Release|Any CPU.Build.0 = Release|Any CPU
		{A31BF2D4-4701-497D-A6C5-B24D6162AD0D}.Debug|Any CPU.ActiveCfg = Debug|Any CPU
		{A31BF2D4-4701-497D-A6C5-B24D6162AD0D}.Debug|Any CPU.Build.0 = Debug|Any CPU
		{A31BF2D4-4701-497D-A6C5-B24D6162AD0D}.Release|Any CPU.ActiveCfg = Release|Any CPU
		{A31BF2D4-4701-497D-A6C5-B24D6162AD0D}.Release|Any CPU.Build.0 = Release|Any CPU
		{3F41F018-BCA0-42DE-B7B6-975274522D31}.Debug|Any CPU.ActiveCfg = Debug|Any CPU
		{3F41F018-BCA0-42DE-B7B6-975274522D31}.Debug|Any CPU.Build.0 = Debug|Any CPU
		{3F41F018-BCA0-42DE-B7B6-975274522D31}.Release|Any CPU.ActiveCfg = Release|Any CPU
		{3F41F018-BCA0-42DE-B7B6-975274522D31}.Release|Any CPU.Build.0 = Release|Any CPU
		{E53EDCD6-A273-4BC2-96B7-B10EEDF72C1B}.Debug|Any CPU.ActiveCfg = Debug|Any CPU
		{E53EDCD6-A273-4BC2-96B7-B10EEDF72C1B}.Debug|Any CPU.Build.0 = Debug|Any CPU
		{E53EDCD6-A273-4BC2-96B7-B10EEDF72C1B}.Release|Any CPU.ActiveCfg = Release|Any CPU
		{E53EDCD6-A273-4BC2-96B7-B10EEDF72C1B}.Release|Any CPU.Build.0 = Release|Any CPU
		{5978988C-3522-4E00-A819-133588F8E46F}.Debug|Any CPU.ActiveCfg = Debug|Any CPU
		{5978988C-3522-4E00-A819-133588F8E46F}.Debug|Any CPU.Build.0 = Debug|Any CPU
		{5978988C-3522-4E00-A819-133588F8E46F}.Release|Any CPU.ActiveCfg = Release|Any CPU
		{5978988C-3522-4E00-A819-133588F8E46F}.Release|Any CPU.Build.0 = Release|Any CPU
		{CD89C513-CDA4-4938-AD2A-D30F259F3246}.Debug|Any CPU.ActiveCfg = Debug|Any CPU
		{CD89C513-CDA4-4938-AD2A-D30F259F3246}.Debug|Any CPU.Build.0 = Debug|Any CPU
		{CD89C513-CDA4-4938-AD2A-D30F259F3246}.Release|Any CPU.ActiveCfg = Release|Any CPU
		{CD89C513-CDA4-4938-AD2A-D30F259F3246}.Release|Any CPU.Build.0 = Release|Any CPU
		{E1555D27-FA3B-45FC-A0A4-FE1D8695BC7E}.Debug|Any CPU.ActiveCfg = Debug|Any CPU
		{E1555D27-FA3B-45FC-A0A4-FE1D8695BC7E}.Debug|Any CPU.Build.0 = Debug|Any CPU
		{E1555D27-FA3B-45FC-A0A4-FE1D8695BC7E}.Release|Any CPU.ActiveCfg = Release|Any CPU
		{E1555D27-FA3B-45FC-A0A4-FE1D8695BC7E}.Release|Any CPU.Build.0 = Release|Any CPU
		{C22C9B89-0F2A-4342-B560-0E055B154EA8}.Debug|Any CPU.ActiveCfg = Debug|Any CPU
		{C22C9B89-0F2A-4342-B560-0E055B154EA8}.Debug|Any CPU.Build.0 = Debug|Any CPU
		{C22C9B89-0F2A-4342-B560-0E055B154EA8}.Release|Any CPU.ActiveCfg = Release|Any CPU
		{C22C9B89-0F2A-4342-B560-0E055B154EA8}.Release|Any CPU.Build.0 = Release|Any CPU
		{4171B74C-919B-4E9E-ABDA-17BAD2C8ADEB}.Debug|Any CPU.ActiveCfg = Debug|Any CPU
		{4171B74C-919B-4E9E-ABDA-17BAD2C8ADEB}.Debug|Any CPU.Build.0 = Debug|Any CPU
		{4171B74C-919B-4E9E-ABDA-17BAD2C8ADEB}.Release|Any CPU.ActiveCfg = Release|Any CPU
		{4171B74C-919B-4E9E-ABDA-17BAD2C8ADEB}.Release|Any CPU.Build.0 = Release|Any CPU
		{78A5197A-664F-46FF-828B-ED936F7B4FD9}.Debug|Any CPU.ActiveCfg = Debug|Any CPU
		{78A5197A-664F-46FF-828B-ED936F7B4FD9}.Debug|Any CPU.Build.0 = Debug|Any CPU
		{78A5197A-664F-46FF-828B-ED936F7B4FD9}.Release|Any CPU.ActiveCfg = Release|Any CPU
		{78A5197A-664F-46FF-828B-ED936F7B4FD9}.Release|Any CPU.Build.0 = Release|Any CPU
		{E569C22C-5E56-4FA7-BD33-9C495359F7B4}.Debug|Any CPU.ActiveCfg = Debug|Any CPU
		{E569C22C-5E56-4FA7-BD33-9C495359F7B4}.Debug|Any CPU.Build.0 = Debug|Any CPU
		{E569C22C-5E56-4FA7-BD33-9C495359F7B4}.Release|Any CPU.ActiveCfg = Release|Any CPU
		{E569C22C-5E56-4FA7-BD33-9C495359F7B4}.Release|Any CPU.Build.0 = Release|Any CPU
		{111333F7-E3C4-4DEE-B0F1-419EDCB0F946}.Debug|Any CPU.ActiveCfg = Debug|Any CPU
		{111333F7-E3C4-4DEE-B0F1-419EDCB0F946}.Debug|Any CPU.Build.0 = Debug|Any CPU
		{111333F7-E3C4-4DEE-B0F1-419EDCB0F946}.Release|Any CPU.ActiveCfg = Release|Any CPU
		{111333F7-E3C4-4DEE-B0F1-419EDCB0F946}.Release|Any CPU.Build.0 = Release|Any CPU
		{753DAA97-AFAE-4022-935F-E0E6320CCC0D}.Debug|Any CPU.ActiveCfg = Debug|Any CPU
		{753DAA97-AFAE-4022-935F-E0E6320CCC0D}.Debug|Any CPU.Build.0 = Debug|Any CPU
		{753DAA97-AFAE-4022-935F-E0E6320CCC0D}.Release|Any CPU.ActiveCfg = Release|Any CPU
		{753DAA97-AFAE-4022-935F-E0E6320CCC0D}.Release|Any CPU.Build.0 = Release|Any CPU
		{73F4DCE9-87C5-44B9-96F2-760FD28582C9}.Debug|Any CPU.ActiveCfg = Debug|Any CPU
		{73F4DCE9-87C5-44B9-96F2-760FD28582C9}.Debug|Any CPU.Build.0 = Debug|Any CPU
		{73F4DCE9-87C5-44B9-96F2-760FD28582C9}.Release|Any CPU.ActiveCfg = Release|Any CPU
		{73F4DCE9-87C5-44B9-96F2-760FD28582C9}.Release|Any CPU.Build.0 = Release|Any CPU
		{E04A353E-934C-4DB2-84FB-147DC2193855}.Debug|Any CPU.ActiveCfg = Debug|Any CPU
		{E04A353E-934C-4DB2-84FB-147DC2193855}.Debug|Any CPU.Build.0 = Debug|Any CPU
		{E04A353E-934C-4DB2-84FB-147DC2193855}.Release|Any CPU.ActiveCfg = Release|Any CPU
		{E04A353E-934C-4DB2-84FB-147DC2193855}.Release|Any CPU.Build.0 = Release|Any CPU
		{A7D2BB7D-D17E-4CA6-8136-01DE489334DE}.Debug|Any CPU.ActiveCfg = Debug|Any CPU
		{A7D2BB7D-D17E-4CA6-8136-01DE489334DE}.Debug|Any CPU.Build.0 = Debug|Any CPU
		{A7D2BB7D-D17E-4CA6-8136-01DE489334DE}.Release|Any CPU.ActiveCfg = Release|Any CPU
		{A7D2BB7D-D17E-4CA6-8136-01DE489334DE}.Release|Any CPU.Build.0 = Release|Any CPU
		{A26C357F-E837-45A3-9457-20ADE1EEB135}.Debug|Any CPU.ActiveCfg = Debug|Any CPU
		{A26C357F-E837-45A3-9457-20ADE1EEB135}.Debug|Any CPU.Build.0 = Debug|Any CPU
		{A26C357F-E837-45A3-9457-20ADE1EEB135}.Release|Any CPU.ActiveCfg = Release|Any CPU
		{A26C357F-E837-45A3-9457-20ADE1EEB135}.Release|Any CPU.Build.0 = Release|Any CPU
		{EDBA7FA6-1758-472B-9CE4-18918D3F955C}.Debug|Any CPU.ActiveCfg = Debug|Any CPU
		{EDBA7FA6-1758-472B-9CE4-18918D3F955C}.Debug|Any CPU.Build.0 = Debug|Any CPU
		{EDBA7FA6-1758-472B-9CE4-18918D3F955C}.Release|Any CPU.ActiveCfg = Release|Any CPU
		{EDBA7FA6-1758-472B-9CE4-18918D3F955C}.Release|Any CPU.Build.0 = Release|Any CPU
		{026A3762-C63C-418A-AE8E-2746112A6169}.Debug|Any CPU.ActiveCfg = Debug|Any CPU
		{026A3762-C63C-418A-AE8E-2746112A6169}.Debug|Any CPU.Build.0 = Debug|Any CPU
		{026A3762-C63C-418A-AE8E-2746112A6169}.Release|Any CPU.ActiveCfg = Release|Any CPU
		{026A3762-C63C-418A-AE8E-2746112A6169}.Release|Any CPU.Build.0 = Release|Any CPU
		{82B64D47-2B81-4F08-A41A-E1ADA53944F1}.Debug|Any CPU.ActiveCfg = Debug|Any CPU
		{82B64D47-2B81-4F08-A41A-E1ADA53944F1}.Debug|Any CPU.Build.0 = Debug|Any CPU
		{82B64D47-2B81-4F08-A41A-E1ADA53944F1}.Release|Any CPU.ActiveCfg = Release|Any CPU
		{82B64D47-2B81-4F08-A41A-E1ADA53944F1}.Release|Any CPU.Build.0 = Release|Any CPU
		{10C743A6-64E8-49AE-BCB9-674F7DD3C585}.Debug|Any CPU.ActiveCfg = Debug|Any CPU
		{10C743A6-64E8-49AE-BCB9-674F7DD3C585}.Debug|Any CPU.Build.0 = Debug|Any CPU
		{10C743A6-64E8-49AE-BCB9-674F7DD3C585}.Release|Any CPU.ActiveCfg = Release|Any CPU
		{10C743A6-64E8-49AE-BCB9-674F7DD3C585}.Release|Any CPU.Build.0 = Release|Any CPU
		{8D6FC052-AE57-4AC3-90D8-9DED18DB87DF}.Debug|Any CPU.ActiveCfg = Debug|Any CPU
		{8D6FC052-AE57-4AC3-90D8-9DED18DB87DF}.Debug|Any CPU.Build.0 = Debug|Any CPU
		{8D6FC052-AE57-4AC3-90D8-9DED18DB87DF}.Release|Any CPU.ActiveCfg = Release|Any CPU
		{8D6FC052-AE57-4AC3-90D8-9DED18DB87DF}.Release|Any CPU.Build.0 = Release|Any CPU
	EndGlobalSection
	GlobalSection(SolutionProperties) = preSolution
		HideSolutionNode = FALSE
	EndGlobalSection
	GlobalSection(NestedProjects) = preSolution
		{98C5876E-2CD0-4CB6-9F86-09CB8668360C} = {3922DD66-614E-441F-B516-3415E9657F43}
		{FA2289B3-0449-4BD9-90D0-1F70E2FC0BD9} = {98C5876E-2CD0-4CB6-9F86-09CB8668360C}
		{BEA5FAA9-E371-4034-95AC-EE84B64D6E44} = {3922DD66-614E-441F-B516-3415E9657F43}
		{F3F7B3BB-CA26-4B44-B218-C4F014E0E024} = {BEA5FAA9-E371-4034-95AC-EE84B64D6E44}
		{E2694BC4-4A94-4674-BCFA-DEFBD18DB056} = {BEA5FAA9-E371-4034-95AC-EE84B64D6E44}
		{0C4ED4F1-59A7-4F6F-B6FD-E8FE5501F576} = {3922DD66-614E-441F-B516-3415E9657F43}
		{C3A63D95-0778-47E7-8986-C46B77F0D7E8} = {0C4ED4F1-59A7-4F6F-B6FD-E8FE5501F576}
		{0B7BDF31-2BD5-48A9-92EE-369DB2058F2B} = {0C4ED4F1-59A7-4F6F-B6FD-E8FE5501F576}
		{1F561BDC-7284-49C7-8D75-6376E5B8B41C} = {54EB9D6E-0E5F-4542-AD61-3B876A08A64B}
		{09A59A97-3DB3-4349-BA2D-F03C6C0D3243} = {54EB9D6E-0E5F-4542-AD61-3B876A08A64B}
		{34B5D2AB-0099-46B2-8758-B8F3EF6FB421} = {54EB9D6E-0E5F-4542-AD61-3B876A08A64B}
		{6853612A-57A6-4F2E-9B88-6BCD6D424DAB} = {1F561BDC-7284-49C7-8D75-6376E5B8B41C}
		{083BA35D-46B9-46B3-9A73-3F8A8DCB31D5} = {1F561BDC-7284-49C7-8D75-6376E5B8B41C}
		{20713E3F-B9B3-45CC-AAFB-5C213CAE0D78} = {09A59A97-3DB3-4349-BA2D-F03C6C0D3243}
		{5F3743A1-3B48-4948-83AE-040F41CED408} = {34B5D2AB-0099-46B2-8758-B8F3EF6FB421}
		{C1A018AC-EB48-4286-8958-6EC4F635F7C0} = {34B5D2AB-0099-46B2-8758-B8F3EF6FB421}
		{405BF908-4A41-4DBB-8EE5-42EAF561CF62} = {D5689D7F-0A52-4E1B-BE57-859EDCDEF091}
		{AA2D1FD8-ADE5-4CEF-86DD-BCBF79064499} = {D5689D7F-0A52-4E1B-BE57-859EDCDEF091}
		{0EA19B4A-C380-40A3-BEC6-76D1D1BF89BD} = {D5689D7F-0A52-4E1B-BE57-859EDCDEF091}
		{D8426BA7-18A1-4DFA-B14C-5DA21B27486C} = {405BF908-4A41-4DBB-8EE5-42EAF561CF62}
		{A31BF2D4-4701-497D-A6C5-B24D6162AD0D} = {405BF908-4A41-4DBB-8EE5-42EAF561CF62}
		{3F41F018-BCA0-42DE-B7B6-975274522D31} = {AA2D1FD8-ADE5-4CEF-86DD-BCBF79064499}
		{E53EDCD6-A273-4BC2-96B7-B10EEDF72C1B} = {0EA19B4A-C380-40A3-BEC6-76D1D1BF89BD}
		{5978988C-3522-4E00-A819-133588F8E46F} = {0EA19B4A-C380-40A3-BEC6-76D1D1BF89BD}
		{5439FC0E-D47A-4103-9B27-AC18855E5A63} = {4FE51AAC-9B7B-40AC-9981-7E3A72A5B34C}
		{10DE92C9-46EB-428A-B3DF-8AB2A37442BD} = {4FE51AAC-9B7B-40AC-9981-7E3A72A5B34C}
		{2273B209-5D9B-4A14-ACC8-47639EF3ACF2} = {4FE51AAC-9B7B-40AC-9981-7E3A72A5B34C}
		{CD89C513-CDA4-4938-AD2A-D30F259F3246} = {5439FC0E-D47A-4103-9B27-AC18855E5A63}
		{E1555D27-FA3B-45FC-A0A4-FE1D8695BC7E} = {5439FC0E-D47A-4103-9B27-AC18855E5A63}
		{C22C9B89-0F2A-4342-B560-0E055B154EA8} = {10DE92C9-46EB-428A-B3DF-8AB2A37442BD}
		{4171B74C-919B-4E9E-ABDA-17BAD2C8ADEB} = {2273B209-5D9B-4A14-ACC8-47639EF3ACF2}
		{78A5197A-664F-46FF-828B-ED936F7B4FD9} = {2273B209-5D9B-4A14-ACC8-47639EF3ACF2}
		{1E018683-7E4F-44EF-A3A4-3DA4C5FEAADC} = {344ACA0B-6DBB-401F-8EBB-C9EEB92E388A}
		{21BEF3A8-E185-4CE6-8496-1C3808C2839C} = {344ACA0B-6DBB-401F-8EBB-C9EEB92E388A}
		{120EFAA5-F701-4C80-B3E8-653B4642312F} = {344ACA0B-6DBB-401F-8EBB-C9EEB92E388A}
		{DD025F91-8D21-4AAB-A959-3A1C1A59585A} = {344ACA0B-6DBB-401F-8EBB-C9EEB92E388A}
		{E569C22C-5E56-4FA7-BD33-9C495359F7B4} = {1E018683-7E4F-44EF-A3A4-3DA4C5FEAADC}
		{111333F7-E3C4-4DEE-B0F1-419EDCB0F946} = {1E018683-7E4F-44EF-A3A4-3DA4C5FEAADC}
		{753DAA97-AFAE-4022-935F-E0E6320CCC0D} = {21BEF3A8-E185-4CE6-8496-1C3808C2839C}
		{73F4DCE9-87C5-44B9-96F2-760FD28582C9} = {120EFAA5-F701-4C80-B3E8-653B4642312F}
		{E04A353E-934C-4DB2-84FB-147DC2193855} = {120EFAA5-F701-4C80-B3E8-653B4642312F}
		{E9C762F6-B03A-4497-ACFB-AB06A5FA9F8A} = {6FDD88F4-CCCB-4FF4-95E4-A82F25D8BDEA}
		{154C48FA-1B6A-4BD1-A32C-FA59AA96FE23} = {6FDD88F4-CCCB-4FF4-95E4-A82F25D8BDEA}
		{703F3C07-64E5-4C16-BDAD-3842B6035406} = {6FDD88F4-CCCB-4FF4-95E4-A82F25D8BDEA}
		{A7D2BB7D-D17E-4CA6-8136-01DE489334DE} = {E9C762F6-B03A-4497-ACFB-AB06A5FA9F8A}
		{A26C357F-E837-45A3-9457-20ADE1EEB135} = {E9C762F6-B03A-4497-ACFB-AB06A5FA9F8A}
		{EDBA7FA6-1758-472B-9CE4-18918D3F955C} = {154C48FA-1B6A-4BD1-A32C-FA59AA96FE23}
		{026A3762-C63C-418A-AE8E-2746112A6169} = {703F3C07-64E5-4C16-BDAD-3842B6035406}
		{82B64D47-2B81-4F08-A41A-E1ADA53944F1} = {703F3C07-64E5-4C16-BDAD-3842B6035406}
		{10C743A6-64E8-49AE-BCB9-674F7DD3C585} = {0C4ED4F1-59A7-4F6F-B6FD-E8FE5501F576}
		{8D6FC052-AE57-4AC3-90D8-9DED18DB87DF} = {0C4ED4F1-59A7-4F6F-B6FD-E8FE5501F576}
	EndGlobalSection
	GlobalSection(ExtensibilityGlobals) = postSolution
		SolutionGuid = {83509530-A7E5-4BA6-B3C9-8CB5F893DE67}
	EndGlobalSection
EndGlobal
